
Microsoft Visual Studio Solution File, Format Version 12.00
# Visual Studio Version 16
VisualStudioVersion = 16.0.29613.14
MinimumVisualStudioVersion = 10.0.40219.1
Project("{FAE04EC0-301F-11D3-BF4B-00C04F79EFBC}") = "ADO.Mapper", "src\ADOMapper\ADO.Mapper.csproj", "{A188112B-B9E6-4ED3-829A-41519D983702}"
EndProject
Project("{FAE04EC0-301F-11D3-BF4B-00C04F79EFBC}") = "ADO.Test", "test\ADO.Test\ADO.Test.csproj", "{6C484BA1-01B9-4556-94AB-1AC5313706FB}"
EndProject
Global
	GlobalSection(SolutionConfigurationPlatforms) = preSolution
		Debug|Any CPU = Debug|Any CPU
		Release|Any CPU = Release|Any CPU
	EndGlobalSection
	GlobalSection(ProjectConfigurationPlatforms) = postSolution
		{A188112B-B9E6-4ED3-829A-41519D983702}.Debug|Any CPU.ActiveCfg = Debug|Any CPU
		{A188112B-B9E6-4ED3-829A-41519D983702}.Debug|Any CPU.Build.0 = Debug|Any CPU
		{A188112B-B9E6-4ED3-829A-41519D983702}.Release|Any CPU.ActiveCfg = Release|Any CPU
		{A188112B-B9E6-4ED3-829A-41519D983702}.Release|Any CPU.Build.0 = Release|Any CPU
		{6C484BA1-01B9-4556-94AB-1AC5313706FB}.Debug|Any CPU.ActiveCfg = Debug|Any CPU
		{6C484BA1-01B9-4556-94AB-1AC5313706FB}.Debug|Any CPU.Build.0 = Debug|Any CPU
		{6C484BA1-01B9-4556-94AB-1AC5313706FB}.Release|Any CPU.ActiveCfg = Release|Any CPU
		{6C484BA1-01B9-4556-94AB-1AC5313706FB}.Release|Any CPU.Build.0 = Release|Any CPU
	EndGlobalSection
	GlobalSection(SolutionProperties) = preSolution
		HideSolutionNode = FALSE
	EndGlobalSection
	GlobalSection(ExtensibilityGlobals) = postSolution
		SolutionGuid = {7AF21DE8-4BC1-467D-BF45-DB06D50AB9D4}
	EndGlobalSection
EndGlobal
